
Microsoft Visual Studio Solution File, Format Version 12.00
Project("{2150E333-8FDC-42A3-9474-1A3956D46DE8}") = "src", "src", "{827E0CD3-B72D-47B6-A68D-7590B98EB39B}"
EndProject
Project("{FAE04EC0-301F-11D3-BF4B-00C04F79EFBC}") = "DofusManager.Core", "src\DofusManager.Core\DofusManager.Core.csproj", "{0FA9E360-A7B1-4A88-B68F-4FABAF0AE6CC}"
EndProject
Project("{FAE04EC0-301F-11D3-BF4B-00C04F79EFBC}") = "DofusManager.UI", "src\DofusManager.UI\DofusManager.UI.csproj", "{E24E6FB6-458D-45A7-B487-F5B96545F8F8}"
EndProject
Project("{FAE04EC0-301F-11D3-BF4B-00C04F79EFBC}") = "DofusManager.Tests", "src\DofusManager.Tests\DofusManager.Tests.csproj", "{06C13CA3-D616-4DE0-B1FA-08C0D4E252C0}"
EndProject
Project("{FAE04EC0-301F-11D3-BF4B-00C04F79EFBC}") = "DofusManager.Updater", "src\DofusManager.Updater\DofusManager.Updater.csproj", "{2EC8E6A8-80A6-4E69-9F15-3C78E2C7E4D0}"
EndProject
Global
	GlobalSection(SolutionConfigurationPlatforms) = preSolution
		Debug|Any CPU = Debug|Any CPU
		Debug|x64 = Debug|x64
		Debug|x86 = Debug|x86
		Release|Any CPU = Release|Any CPU
		Release|x64 = Release|x64
		Release|x86 = Release|x86
	EndGlobalSection
	GlobalSection(ProjectConfigurationPlatforms) = postSolution
		{0FA9E360-A7B1-4A88-B68F-4FABAF0AE6CC}.Debug|Any CPU.ActiveCfg = Debug|Any CPU
		{0FA9E360-A7B1-4A88-B68F-4FABAF0AE6CC}.Debug|Any CPU.Build.0 = Debug|Any CPU
		{0FA9E360-A7B1-4A88-B68F-4FABAF0AE6CC}.Debug|x64.ActiveCfg = Debug|Any CPU
		{0FA9E360-A7B1-4A88-B68F-4FABAF0AE6CC}.Debug|x64.Build.0 = Debug|Any CPU
		{0FA9E360-A7B1-4A88-B68F-4FABAF0AE6CC}.Debug|x86.ActiveCfg = Debug|Any CPU
		{0FA9E360-A7B1-4A88-B68F-4FABAF0AE6CC}.Debug|x86.Build.0 = Debug|Any CPU
		{0FA9E360-A7B1-4A88-B68F-4FABAF0AE6CC}.Release|Any CPU.ActiveCfg = Release|Any CPU
		{0FA9E360-A7B1-4A88-B68F-4FABAF0AE6CC}.Release|Any CPU.Build.0 = Release|Any CPU
		{0FA9E360-A7B1-4A88-B68F-4FABAF0AE6CC}.Release|x64.ActiveCfg = Release|Any CPU
		{0FA9E360-A7B1-4A88-B68F-4FABAF0AE6CC}.Release|x64.Build.0 = Release|Any CPU
		{0FA9E360-A7B1-4A88-B68F-4FABAF0AE6CC}.Release|x86.ActiveCfg = Release|Any CPU
		{0FA9E360-A7B1-4A88-B68F-4FABAF0AE6CC}.Release|x86.Build.0 = Release|Any CPU
		{E24E6FB6-458D-45A7-B487-F5B96545F8F8}.Debug|Any CPU.ActiveCfg = Debug|Any CPU
		{E24E6FB6-458D-45A7-B487-F5B96545F8F8}.Debug|Any CPU.Build.0 = Debug|Any CPU
		{E24E6FB6-458D-45A7-B487-F5B96545F8F8}.Debug|x64.ActiveCfg = Debug|Any CPU
		{E24E6FB6-458D-45A7-B487-F5B96545F8F8}.Debug|x64.Build.0 = Debug|Any CPU
		{E24E6FB6-458D-45A7-B487-F5B96545F8F8}.Debug|x86.ActiveCfg = Debug|Any CPU
		{E24E6FB6-458D-45A7-B487-F5B96545F8F8}.Debug|x86.Build.0 = Debug|Any CPU
		{E24E6FB6-458D-45A7-B487-F5B96545F8F8}.Release|Any CPU.ActiveCfg = Release|Any CPU
		{E24E6FB6-458D-45A7-B487-F5B96545F8F8}.Release|Any CPU.Build.0 = Release|Any CPU
		{E24E6FB6-458D-45A7-B487-F5B96545F8F8}.Release|x64.ActiveCfg = Release|Any CPU
		{E24E6FB6-458D-45A7-B487-F5B96545F8F8}.Release|x64.Build.0 = Release|Any CPU
		{E24E6FB6-458D-45A7-B487-F5B96545F8F8}.Release|x86.ActiveCfg = Release|Any CPU
		{E24E6FB6-458D-45A7-B487-F5B96545F8F8}.Release|x86.Build.0 = Release|Any CPU
		{06C13CA3-D616-4DE0-B1FA-08C0D4E252C0}.Debug|Any CPU.ActiveCfg = Debug|Any CPU
		{06C13CA3-D616-4DE0-B1FA-08C0D4E252C0}.Debug|Any CPU.Build.0 = Debug|Any CPU
		{06C13CA3-D616-4DE0-B1FA-08C0D4E252C0}.Debug|x64.ActiveCfg = Debug|Any CPU
		{06C13CA3-D616-4DE0-B1FA-08C0D4E252C0}.Debug|x64.Build.0 = Debug|Any CPU
		{06C13CA3-D616-4DE0-B1FA-08C0D4E252C0}.Debug|x86.ActiveCfg = Debug|Any CPU
		{06C13CA3-D616-4DE0-B1FA-08C0D4E252C0}.Debug|x86.Build.0 = Debug|Any CPU
		{06C13CA3-D616-4DE0-B1FA-08C0D4E252C0}.Release|Any CPU.ActiveCfg = Release|Any CPU
		{06C13CA3-D616-4DE0-B1FA-08C0D4E252C0}.Release|Any CPU.Build.0 = Release|Any CPU
		{06C13CA3-D616-4DE0-B1FA-08C0D4E252C0}.Release|x64.ActiveCfg = Release|Any CPU
		{06C13CA3-D616-4DE0-B1FA-08C0D4E252C0}.Release|x64.Build.0 = Release|Any CPU
		{06C13CA3-D616-4DE0-B1FA-08C0D4E252C0}.Release|x86.ActiveCfg = Release|Any CPU
		{06C13CA3-D616-4DE0-B1FA-08C0D4E252C0}.Release|x86.Build.0 = Release|Any CPU
		{2EC8E6A8-80A6-4E69-9F15-3C78E2C7E4D0}.Debug|Any CPU.ActiveCfg = Debug|Any CPU
		{2EC8E6A8-80A6-4E69-9F15-3C78E2C7E4D0}.Debug|Any CPU.Build.0 = Debug|Any CPU
		{2EC8E6A8-80A6-4E69-9F15-3C78E2C7E4D0}.Debug|x64.ActiveCfg = Debug|Any CPU
		{2EC8E6A8-80A6-4E69-9F15-3C78E2C7E4D0}.Debug|x64.Build.0 = Debug|Any CPU
		{2EC8E6A8-80A6-4E69-9F15-3C78E2C7E4D0}.Debug|x86.ActiveCfg = Debug|Any CPU
		{2EC8E6A8-80A6-4E69-9F15-3C78E2C7E4D0}.Debug|x86.Build.0 = Debug|Any CPU
		{2EC8E6A8-80A6-4E69-9F15-3C78E2C7E4D0}.Release|Any CPU.ActiveCfg = Release|Any CPU
		{2EC8E6A8-80A6-4E69-9F15-3C78E2C7E4D0}.Release|Any CPU.Build.0 = Release|Any CPU
		{2EC8E6A8-80A6-4E69-9F15-3C78E2C7E4D0}.Release|x64.ActiveCfg = Release|Any CPU
		{2EC8E6A8-80A6-4E69-9F15-3C78E2C7E4D0}.Release|x64.Build.0 = Release|Any CPU
		{2EC8E6A8-80A6-4E69-9F15-3C78E2C7E4D0}.Release|x86.ActiveCfg = Release|Any CPU
		{2EC8E6A8-80A6-4E69-9F15-3C78E2C7E4D0}.Release|x86.Build.0 = Release|Any CPU
	EndGlobalSection
	GlobalSection(SolutionProperties) = preSolution
		HideSolutionNode = FALSE
	EndGlobalSection
	GlobalSection(NestedProjects) = preSolution
		{0FA9E360-A7B1-4A88-B68F-4FABAF0AE6CC} = {827E0CD3-B72D-47B6-A68D-7590B98EB39B}
		{E24E6FB6-458D-45A7-B487-F5B96545F8F8} = {827E0CD3-B72D-47B6-A68D-7590B98EB39B}
		{06C13CA3-D616-4DE0-B1FA-08C0D4E252C0} = {827E0CD3-B72D-47B6-A68D-7590B98EB39B}
		{2EC8E6A8-80A6-4E69-9F15-3C78E2C7E4D0} = {827E0CD3-B72D-47B6-A68D-7590B98EB39B}
	EndGlobalSection
EndGlobal
